
Microsoft Visual Studio Solution File, Format Version 12.00
# Visual Studio Version 17
VisualStudioVersion = 17.5.33414.496
MinimumVisualStudioVersion = 10.0.40219.1
Project("{FAE04EC0-301F-11D3-BF4B-00C04F79EFBC}") = "UserAuthentication", "UserAuthentication\UserAuthentication.csproj", "{F44D214A-D453-42C1-ABE6-161F7F290278}"
EndProject
Global
	GlobalSection(SolutionConfigurationPlatforms) = preSolution
		Debug|Any CPU = Debug|Any CPU
		Release|Any CPU = Release|Any CPU
	EndGlobalSection
	GlobalSection(ProjectConfigurationPlatforms) = postSolution
		{F44D214A-D453-42C1-ABE6-161F7F290278}.Debug|Any CPU.ActiveCfg = Debug|Any CPU
		{F44D214A-D453-42C1-ABE6-161F7F290278}.Debug|Any CPU.Build.0 = Debug|Any CPU
		{F44D214A-D453-42C1-ABE6-161F7F290278}.Release|Any CPU.ActiveCfg = Release|Any CPU
		{F44D214A-D453-42C1-ABE6-161F7F290278}.Release|Any CPU.Build.0 = Release|Any CPU
	EndGlobalSection
	GlobalSection(SolutionProperties) = preSolution
		HideSolutionNode = FALSE
	EndGlobalSection
	GlobalSection(ExtensibilityGlobals) = postSolution
		SolutionGuid = {D38B30B2-5432-4B57-BC10-868182057747}
	EndGlobalSection
EndGlobal
